{
  "name": "graphql-server",
  "version": "1.0.0",
  "lockfileVersion": 1,
  "requires": true,
  "dependencies": {
    "@apollo/protobufjs": {
      "version": "1.2.2",
      "resolved": "https://artifacthub-tip.oraclecorp.com/api/npm/npmjs-remote/@apollo/protobufjs/-/protobufjs-1.2.2.tgz",
      "integrity": "sha1-S9ks13Acyu9tUXzbda8nVfBJ+Hw=",
      "requires": {
        "@protobufjs/aspromise": "^1.1.2",
        "@protobufjs/base64": "^1.1.2",
        "@protobufjs/codegen": "^2.0.4",
        "@protobufjs/eventemitter": "^1.1.0",
        "@protobufjs/fetch": "^1.1.0",
        "@protobufjs/float": "^1.0.2",
        "@protobufjs/inquire": "^1.1.0",
        "@protobufjs/path": "^1.1.2",
        "@protobufjs/pool": "^1.1.0",
        "@protobufjs/utf8": "^1.1.0",
        "@types/long": "^4.0.0",
        "@types/node": "^10.1.0",
        "long": "^4.0.0"
      }
    },
    "@apollographql/apollo-tools": {
      "version": "0.5.2",
      "resolved": "https://artifacthub-tip.oraclecorp.com/api/npm/npmjs-remote/@apollographql/apollo-tools/-/apollo-tools-0.5.2.tgz",
      "integrity": "sha1-AXUKZVcxoZjDY07oGcRjJUp8d2c="
    },
    "@apollographql/graphql-playground-html": {
      "version": "1.6.29",
      "resolved": "https://artifacthub-tip.oraclecorp.com/api/npm/npmjs-remote/@apollographql/graphql-playground-html/-/graphql-playground-html-1.6.29.tgz",
      "integrity": "sha1-p6ZGYUolX2LhDc9kp/aOrUHexFM=",
      "requires": {
        "xss": "^1.0.8"
      }
    },
    "@graphql-tools/merge": {
      "version": "8.2.1",
      "resolved": "https://artifacthub-tip.oraclecorp.com/api/npm/npmjs-remote/@graphql-tools/merge/-/merge-8.2.1.tgz",
      "integrity": "sha1-v4OqBqDPxqg55SpYBXqESY0NUf8=",
      "requires": {
        "@graphql-tools/utils": "^8.5.1",
        "tslib": "~2.3.0"
      }
    },
    "@graphql-tools/mock": {
      "version": "8.4.3",
      "resolved": "https://artifacthub-tip.oraclecorp.com/api/npm/npmjs-remote/@graphql-tools/mock/-/mock-8.4.3.tgz",
      "integrity": "sha1-nUg4ulg5aa5wwYflzbXPKG4mbNc=",
      "requires": {
        "@graphql-tools/schema": "^8.3.1",
        "@graphql-tools/utils": "^8.5.1",
        "fast-json-stable-stringify": "^2.1.0",
        "tslib": "~2.3.0"
      },
      "dependencies": {
        "@graphql-tools/merge": {
          "version": "8.2.1",
          "resolved": "https://artifacthub-tip.oraclecorp.com/api/npm/npmjs-remote/@graphql-tools/merge/-/merge-8.2.1.tgz",
          "integrity": "sha1-v4OqBqDPxqg55SpYBXqESY0NUf8=",
          "requires": {
            "@graphql-tools/utils": "^8.5.1",
            "tslib": "~2.3.0"
          }
        },
        "@graphql-tools/schema": {
          "version": "8.3.1",
          "resolved": "https://artifacthub-tip.oraclecorp.com/api/npm/npmjs-remote/@graphql-tools/schema/-/schema-8.3.1.tgz",
          "integrity": "sha1-HunaSU0tpFdkOzyTUCuUw8S2jHQ=",
          "requires": {
            "@graphql-tools/merge": "^8.2.1",
            "@graphql-tools/utils": "^8.5.1",
            "tslib": "~2.3.0",
            "value-or-promise": "1.0.11"
          }
        },
        "value-or-promise": {
          "version": "1.0.11",
          "resolved": "https://artifacthub-tip.oraclecorp.com/api/npm/npmjs-remote/value-or-promise/-/value-or-promise-1.0.11.tgz",
          "integrity": "sha1-PpApmvMd0BT+hD/jCc76fB2UsUA="
        }
      }
    },
    "@graphql-tools/schema": {
      "version": "8.3.1",
      "resolved": "https://artifacthub-tip.oraclecorp.com/api/npm/npmjs-remote/@graphql-tools/schema/-/schema-8.3.1.tgz",
      "integrity": "sha1-HunaSU0tpFdkOzyTUCuUw8S2jHQ=",
      "requires": {
        "@graphql-tools/merge": "^8.2.1",
        "@graphql-tools/utils": "^8.5.1",
        "tslib": "~2.3.0",
        "value-or-promise": "1.0.11"
      }
    },
    "@graphql-tools/utils": {
      "version": "8.5.3",
      "resolved": "https://artifacthub-tip.oraclecorp.com/api/npm/npmjs-remote/@graphql-tools/utils/-/utils-8.5.3.tgz",
      "integrity": "sha1-QEBi5iyulFNQEZcDlod0nEiFNW4=",
      "requires": {
        "tslib": "~2.3.0"
      }
    },
    "@josephg/resolvable": {
      "version": "1.0.1",
      "resolved": "https://artifacthub-tip.oraclecorp.com/api/npm/npmjs-remote/@josephg/resolvable/-/resolvable-1.0.1.tgz",
      "integrity": "sha1-abxNt1TXnhovF6ZQ00ZuA42Upes="
    },
    "@protobufjs/aspromise": {
      "version": "1.1.2",
      "resolved": "https://artifacthub-tip.oraclecorp.com/api/npm/npmjs-remote/@protobufjs/aspromise/-/aspromise-1.1.2.tgz",
      "integrity": "sha1-m4sMxmPWaafY9vXQiToU00jzD78="
    },
    "@protobufjs/base64": {
      "version": "1.1.2",
      "resolved": "https://artifacthub-tip.oraclecorp.com/api/npm/npmjs-remote/@protobufjs/base64/-/base64-1.1.2.tgz",
      "integrity": "sha1-TIVzDlm5ofHzSQR9vyQpYDS7JzU="
    },
    "@protobufjs/codegen": {
      "version": "2.0.4",
      "resolved": "https://artifacthub-tip.oraclecorp.com/api/npm/npmjs-remote/@protobufjs/codegen/-/codegen-2.0.4.tgz",
      "integrity": "sha1-fvN/DQEPsCitGtWXIuUG2SYoFcs="
    },
    "@protobufjs/eventemitter": {
      "version": "1.1.0",
      "resolved": "https://artifacthub-tip.oraclecorp.com/api/npm/npmjs-remote/@protobufjs/eventemitter/-/eventemitter-1.1.0.tgz",
      "integrity": "sha1-NVy8mLr61ZePntCV85diHx0Ga3A="
    },
    "@protobufjs/fetch": {
      "version": "1.1.0",
      "resolved": "https://artifacthub-tip.oraclecorp.com/api/npm/npmjs-remote/@protobufjs/fetch/-/fetch-1.1.0.tgz",
      "integrity": "sha1-upn7WYYUr2VwDBYZ/wbUVLDYTEU=",
      "requires": {
        "@protobufjs/aspromise": "^1.1.1",
        "@protobufjs/inquire": "^1.1.0"
      }
    },
    "@protobufjs/float": {
      "version": "1.0.2",
      "resolved": "https://artifacthub-tip.oraclecorp.com/api/npm/npmjs-remote/@protobufjs/float/-/float-1.0.2.tgz",
      "integrity": "sha1-Xp4avctz/Ap8uLKR33jIy9l7h9E="
    },
    "@protobufjs/inquire": {
      "version": "1.1.0",
      "resolved": "https://artifacthub-tip.oraclecorp.com/api/npm/npmjs-remote/@protobufjs/inquire/-/inquire-1.1.0.tgz",
      "integrity": "sha1-/yAOPnzyQp4tyvwRQIKOjMY48Ik="
    },
    "@protobufjs/path": {
      "version": "1.1.2",
      "resolved": "https://artifacthub-tip.oraclecorp.com/api/npm/npmjs-remote/@protobufjs/path/-/path-1.1.2.tgz",
      "integrity": "sha1-bMKyDFya1q0NzP0hynZz2Nf79o0="
    },
    "@protobufjs/pool": {
      "version": "1.1.0",
      "resolved": "https://artifacthub-tip.oraclecorp.com/api/npm/npmjs-remote/@protobufjs/pool/-/pool-1.1.0.tgz",
      "integrity": "sha1-Cf0V8tbTq/qbZbw2ZQbWrXhG/1Q="
    },
    "@protobufjs/utf8": {
      "version": "1.1.0",
      "resolved": "https://artifacthub-tip.oraclecorp.com/api/npm/npmjs-remote/@protobufjs/utf8/-/utf8-1.1.0.tgz",
      "integrity": "sha1-p3c2C1s5oaLlEG+OhY8v0tBgxXA="
    },
    "@types/accepts": {
      "version": "1.3.5",
      "resolved": "https://artifacthub-tip.oraclecorp.com/api/npm/npmjs-remote/@types/accepts/-/accepts-1.3.5.tgz",
      "integrity": "sha1-w0vsEVz8dG4E/loFnfTOfns5FXU=",
      "requires": {
        "@types/node": "*"
      }
    },
    "@types/body-parser": {
      "version": "1.19.1",
      "resolved": "https://artifacthub-tip.oraclecorp.com/api/npm/npmjs-remote/@types/body-parser/-/body-parser-1.19.1.tgz",
      "integrity": "sha1-DAF0xCp9AXuBgwPUtdlpywt1kpw=",
      "requires": {
        "@types/connect": "*",
        "@types/node": "*"
      }
    },
    "@types/bunyan": {
      "version": "1.8.7",
      "resolved": "https://artifacthub-tip.oraclecorp.com/api/npm/npmjs-remote/@types/bunyan/-/bunyan-1.8.7.tgz",
      "integrity": "sha1-Y8xltez/YhfRUJQJpXXnuZH4CDE=",
      "requires": {
        "@types/node": "*"
      }
    },
    "@types/connect": {
      "version": "3.4.35",
      "resolved": "https://artifacthub-tip.oraclecorp.com/api/npm/npmjs-remote/@types/connect/-/connect-3.4.35.tgz",
      "integrity": "sha1-X89q5EXkAh0fwiGaSHPMc6O7KtE=",
      "requires": {
        "@types/node": "*"
      }
    },
    "@types/cors": {
      "version": "2.8.5",
      "resolved": "https://artifacthub-tip.oraclecorp.com/api/npm/npmjs-remote/@types/cors/-/cors-2.8.5.tgz",
      "integrity": "sha1-wMVMTmQ+HZQ9RHKS8rr53ILPyOw=",
      "dev": true,
      "requires": {
        "@types/express": "*"
      }
    },
    "@types/express": {
      "version": "4.17.13",
      "resolved": "https://artifacthub-tip.oraclecorp.com/api/npm/npmjs-remote/@types/express/-/express-4.17.13.tgz",
      "integrity": "sha1-p24plXKJmbq1GjP6vOHXBaNwkDQ=",
      "requires": {
        "@types/body-parser": "*",
        "@types/express-serve-static-core": "^4.17.18",
        "@types/qs": "*",
        "@types/serve-static": "*"
      }
    },
    "@types/express-serve-static-core": {
      "version": "4.17.24",
      "resolved": "https://artifacthub-tip.oraclecorp.com/api/npm/npmjs-remote/@types/express-serve-static-core/-/express-serve-static-core-4.17.24.tgz",
      "integrity": "sha1-6kH5O/fg1ZzVp2ZlBo7WqraBXAc=",
      "requires": {
        "@types/node": "*",
        "@types/qs": "*",
        "@types/range-parser": "*"
      }
    },
    "@types/long": {
      "version": "4.0.1",
      "resolved": "https://artifacthub-tip.oraclecorp.com/api/npm/npmjs-remote/@types/long/-/long-4.0.1.tgz",
      "integrity": "sha1-RZxl+hhn2v5qjzIsTFFpVmPMVek="
    },
    "@types/mime": {
      "version": "1.3.2",
      "resolved": "https://artifacthub-tip.oraclecorp.com/api/npm/npmjs-remote/@types/mime/-/mime-1.3.2.tgz",
      "integrity": "sha1-k+Jb+e51/g/YC1lLxP6w6GIRG1o="
    },
    "@types/node": {
      "version": "10.17.60",
      "resolved": "https://artifacthub-tip.oraclecorp.com/api/npm/npmjs-remote/@types/node/-/node-10.17.60.tgz",
      "integrity": "sha1-NfPWIT2u2V2n8Pc+dbzGmA6QWXs="
    },
    "@types/qs": {
      "version": "6.9.7",
      "resolved": "https://artifacthub-tip.oraclecorp.com/api/npm/npmjs-remote/@types/qs/-/qs-6.9.7.tgz",
      "integrity": "sha1-Y7t9Bn2xB8weRXwwO8JdUR/r9ss="
    },
    "@types/range-parser": {
      "version": "1.2.4",
      "resolved": "https://artifacthub-tip.oraclecorp.com/api/npm/npmjs-remote/@types/range-parser/-/range-parser-1.2.4.tgz",
      "integrity": "sha1-zWZ7z90CUhOq+3ylkVqTJZCs3Nw="
    },
    "@types/serve-static": {
      "version": "1.13.10",
      "resolved": "https://artifacthub-tip.oraclecorp.com/api/npm/npmjs-remote/@types/serve-static/-/serve-static-1.13.10.tgz",
      "integrity": "sha1-9eDOh5fS18xevtpIpSyWxPpHqNk=",
      "requires": {
        "@types/mime": "^1",
        "@types/node": "*"
      }
    },
    "accepts": {
      "version": "1.3.7",
      "resolved": "https://artifacthub-tip.oraclecorp.com/api/npm/npmjs-remote/accepts/-/accepts-1.3.7.tgz",
      "integrity": "sha1-UxvHJlF6OytB+FACHGzBXqq1B80=",
      "requires": {
        "mime-types": "~2.1.24",
        "negotiator": "0.6.2"
      }
    },
    "apollo-datasource": {
      "version": "3.3.0",
      "resolved": "https://artifacthub-tip.oraclecorp.com/api/npm/npmjs-remote/apollo-datasource/-/apollo-datasource-3.3.0.tgz",
      "integrity": "sha1-7oSoAsRYGOaiGl8tQn+UhRpPnr4=",
      "requires": {
        "apollo-server-caching": "^3.3.0",
        "apollo-server-env": "^4.2.0"
      }
    },
    "apollo-graphql": {
      "version": "0.9.5",
      "resolved": "https://artifacthub-tip.oraclecorp.com/api/npm/npmjs-remote/apollo-graphql/-/apollo-graphql-0.9.5.tgz",
      "integrity": "sha1-kRNIPKf3+knunpopnEXTCxzzv2E=",
      "requires": {
        "core-js-pure": "^3.10.2",
        "lodash.sortby": "^4.7.0",
        "sha.js": "^2.4.11"
      }
    },
    "apollo-reporting-protobuf": {
      "version": "3.2.0",
      "resolved": "https://artifacthub-tip.oraclecorp.com/api/npm/npmjs-remote/apollo-reporting-protobuf/-/apollo-reporting-protobuf-3.2.0.tgz",
      "integrity": "sha1-ZzUjHg13okJwjsNxLqoe4hHS+XQ=",
      "requires": {
        "@apollo/protobufjs": "1.2.2"
      }
    },
    "apollo-server-caching": {
      "version": "3.3.0",
      "resolved": "https://artifacthub-tip.oraclecorp.com/api/npm/npmjs-remote/apollo-server-caching/-/apollo-server-caching-3.3.0.tgz",
      "integrity": "sha1-9QHL64IKQgHZjCt2jAhfIoSNncU=",
      "requires": {
        "lru-cache": "^6.0.0"
      }
    },
    "apollo-server-core": {
      "version": "3.5.0",
      "resolved": "https://artifacthub-tip.oraclecorp.com/api/npm/npmjs-remote/apollo-server-core/-/apollo-server-core-3.5.0.tgz",
      "integrity": "sha1-CdBVVOau2f7Slte/+Z4rjKMfSes=",
      "requires": {
        "@apollographql/apollo-tools": "^0.5.1",
        "@apollographql/graphql-playground-html": "1.6.29",
        "@graphql-tools/mock": "^8.1.2",
        "@graphql-tools/schema": "^8.0.0",
        "@graphql-tools/utils": "^8.0.0",
        "@josephg/resolvable": "^1.0.0",
        "apollo-datasource": "^3.3.0",
        "apollo-graphql": "^0.9.0",
        "apollo-reporting-protobuf": "^3.2.0",
        "apollo-server-caching": "^3.3.0",
        "apollo-server-env": "^4.2.0",
        "apollo-server-errors": "^3.3.0",
        "apollo-server-plugin-base": "^3.4.0",
        "apollo-server-types": "^3.4.0",
        "async-retry": "^1.2.1",
        "fast-json-stable-stringify": "^2.1.0",
        "graphql-tag": "^2.11.0",
        "loglevel": "^1.6.8",
        "lru-cache": "^6.0.0",
        "sha.js": "^2.4.11",
        "uuid": "^8.0.0"
      }
    },
    "apollo-server-env": {
      "version": "4.2.0",
      "resolved": "https://artifacthub-tip.oraclecorp.com/api/npm/npmjs-remote/apollo-server-env/-/apollo-server-env-4.2.0.tgz",
      "integrity": "sha1-18sIqBzuMCXNR7CL6As1nWHYWRM=",
      "requires": {
        "node-fetch": "^2.6.1"
      }
    },
    "apollo-server-errors": {
      "version": "3.3.0",
      "resolved": "https://artifacthub-tip.oraclecorp.com/api/npm/npmjs-remote/apollo-server-errors/-/apollo-server-errors-3.3.0.tgz",
      "integrity": "sha1-rIzrFAAGQxL5g9jXAZVpP7zyvjw="
    },
    "apollo-server-express": {
      "version": "3.5.0",
      "resolved": "https://artifacthub-tip.oraclecorp.com/api/npm/npmjs-remote/apollo-server-express/-/apollo-server-express-3.5.0.tgz",
      "integrity": "sha1-RnW6DoTf0UvbtHtdA2CSjXAe5rM=",
      "requires": {
        "@types/accepts": "^1.3.5",
        "@types/body-parser": "1.19.1",
        "@types/cors": "2.8.12",
        "@types/express": "4.17.13",
        "@types/express-serve-static-core": "4.17.24",
        "accepts": "^1.3.5",
        "apollo-server-core": "^3.5.0",
        "apollo-server-types": "^3.4.0",
        "body-parser": "^1.19.0",
        "cors": "^2.8.5",
        "parseurl": "^1.3.3"
      },
      "dependencies": {
        "@types/cors": {
          "version": "2.8.12",
          "resolved": "https://artifacthub-tip.oraclecorp.com/api/npm/npmjs-remote/@types/cors/-/cors-2.8.12.tgz",
          "integrity": "sha1-ayxRCnrXA56Y57jT1lmPQ1nlwIA="
        }
      }
    },
    "apollo-server-plugin-base": {
      "version": "3.4.0",
      "resolved": "https://artifacthub-tip.oraclecorp.com/api/npm/npmjs-remote/apollo-server-plugin-base/-/apollo-server-plugin-base-3.4.0.tgz",
      "integrity": "sha1-n8JunJmA814xWkxl0Gt5cO4dr6M=",
      "requires": {
        "apollo-server-types": "^3.4.0"
      }
    },
    "apollo-server-types": {
      "version": "3.4.0",
      "resolved": "https://artifacthub-tip.oraclecorp.com/api/npm/npmjs-remote/apollo-server-types/-/apollo-server-types-3.4.0.tgz",
      "integrity": "sha1-mvAyLHnpW2mFJmRiIPNFNMujyxE=",
      "requires": {
        "apollo-reporting-protobuf": "^3.2.0",
        "apollo-server-caching": "^3.3.0",
        "apollo-server-env": "^4.2.0"
      }
    },
    "array-flatten": {
      "version": "1.1.1",
      "resolved": "https://artifacthub-tip.oraclecorp.com/api/npm/npmjs-remote/array-flatten/-/array-flatten-1.1.1.tgz",
      "integrity": "sha1-ml9pkFGx5wczKPKgCJaLZOopVdI="
    },
    "async-retry": {
      "version": "1.3.3",
      "resolved": "https://artifacthub-tip.oraclecorp.com/api/npm/npmjs-remote/async-retry/-/async-retry-1.3.3.tgz",
      "integrity": "sha1-Dn82wE2EeOeli9vtgM7fl3eF8oA=",
      "requires": {
        "retry": "0.13.1"
      }
    },
    "balanced-match": {
      "version": "1.0.2",
      "resolved": "https://artifacthub-tip.oraclecorp.com/api/npm/npmjs-remote/balanced-match/-/balanced-match-1.0.2.tgz",
      "integrity": "sha1-6D46fj8wCzTLnYf2FfoMvzV2kO4=",
      "optional": true
    },
    "bindings": {
      "version": "1.5.0",
      "resolved": "https://artifacthub-tip.oraclecorp.com/api/npm/npmjs-remote/bindings/-/bindings-1.5.0.tgz",
      "integrity": "sha1-EDU8npRTNLwFEabZCzj7x8nFBN8=",
      "requires": {
        "file-uri-to-path": "1.0.0"
      }
    },
    "body-parser": {
      "version": "1.19.0",
      "resolved": "https://artifacthub-tip.oraclecorp.com/api/npm/npmjs-remote/body-parser/-/body-parser-1.19.0.tgz",
      "integrity": "sha1-lrJwnlfJxOCab9Zqj9l5hE9p8Io=",
      "requires": {
        "bytes": "3.1.0",
        "content-type": "~1.0.4",
        "debug": "2.6.9",
        "depd": "~1.1.2",
        "http-errors": "1.7.2",
        "iconv-lite": "0.4.24",
        "on-finished": "~2.3.0",
        "qs": "6.7.0",
        "raw-body": "2.4.0",
        "type-is": "~1.6.17"
      }
    },
    "brace-expansion": {
      "version": "1.1.11",
      "resolved": "https://artifacthub-tip.oraclecorp.com/api/npm/npmjs-remote/brace-expansion/-/brace-expansion-1.1.11.tgz",
      "integrity": "sha1-PH/L9SnYcibz0vUrlm/1Jx60Qd0=",
      "optional": true,
      "requires": {
        "balanced-match": "^1.0.0",
        "concat-map": "0.0.1"
      }
    },
    "bunyan": {
      "version": "1.8.12",
      "resolved": "https://artifacthub-tip.oraclecorp.com/api/npm/npmjs-remote/bunyan/-/bunyan-1.8.12.tgz",
      "integrity": "sha1-8VDw9nSKvdcq6uhPBEA74u8RN5c=",
      "requires": {
        "dtrace-provider": "~0.8",
        "moment": "^2.10.6",
        "mv": "~2",
        "safe-json-stringify": "~1"
      }
    },
    "bytes": {
      "version": "3.1.0",
      "resolved": "https://artifacthub-tip.oraclecorp.com/api/npm/npmjs-remote/bytes/-/bytes-3.1.0.tgz",
      "integrity": "sha1-9s95M6Ng4FiPqf3oVlHNx/gF0fY="
    },
    "commander": {
      "version": "2.20.3",
      "resolved": "https://artifacthub-tip.oraclecorp.com/api/npm/npmjs-remote/commander/-/commander-2.20.3.tgz",
      "integrity": "sha1-/UhehMA+tIgcIHIrpIA16FMa6zM="
    },
    "concat-map": {
      "version": "0.0.1",
      "resolved": "https://artifacthub-tip.oraclecorp.com/api/npm/npmjs-remote/concat-map/-/concat-map-0.0.1.tgz",
      "integrity": "sha1-2Klr13/Wjfd5OnMDajug1UBdR3s=",
      "optional": true
    },
    "content-disposition": {
      "version": "0.5.3",
      "resolved": "https://artifacthub-tip.oraclecorp.com/api/npm/npmjs-remote/content-disposition/-/content-disposition-0.5.3.tgz",
      "integrity": "sha1-4TDK9+cnkIfFYWwgB9BIVpiYT70=",
      "requires": {
        "safe-buffer": "5.1.2"
      },
      "dependencies": {
        "safe-buffer": {
          "version": "5.1.2",
          "resolved": "https://artifacthub-tip.oraclecorp.com/api/npm/npmjs-remote/safe-buffer/-/safe-buffer-5.1.2.tgz",
          "integrity": "sha1-mR7GnSluAxN0fVm9/St0XDX4go0="
        }
      }
    },
    "content-type": {
      "version": "1.0.4",
      "resolved": "https://artifacthub-tip.oraclecorp.com/api/npm/npmjs-remote/content-type/-/content-type-1.0.4.tgz",
      "integrity": "sha1-4TjMdeBAxyexlm/l5fjJruJW/js="
    },
    "cookie": {
      "version": "0.4.0",
      "resolved": "https://artifacthub-tip.oraclecorp.com/api/npm/npmjs-remote/cookie/-/cookie-0.4.0.tgz",
      "integrity": "sha1-vrQ35wIrO21JAZ0IhmUwPr6cFLo="
    },
    "cookie-signature": {
      "version": "1.0.6",
      "resolved": "https://artifacthub-tip.oraclecorp.com/api/npm/npmjs-remote/cookie-signature/-/cookie-signature-1.0.6.tgz",
      "integrity": "sha1-4wOogrNCzD7oylE6eZmXNNqzriw="
    },
    "core-js-pure": {
      "version": "3.19.1",
      "resolved": "https://artifacthub-tip.oraclecorp.com/api/npm/npmjs-remote/core-js-pure/-/core-js-pure-3.19.1.tgz",
      "integrity": "sha1-7f/B/HY0AApVugXpWz8P6Vh6WqQ="
    },
    "cors": {
      "version": "2.8.5",
      "resolved": "https://artifacthub-tip.oraclecorp.com/api/npm/npmjs-remote/cors/-/cors-2.8.5.tgz",
      "integrity": "sha1-6sEdpRWS3Ya58G9uesKTs9+HXSk=",
      "requires": {
        "object-assign": "^4",
        "vary": "^1"
      }
    },
    "cssfilter": {
      "version": "0.0.10",
      "resolved": "https://artifacthub-tip.oraclecorp.com/api/npm/npmjs-remote/cssfilter/-/cssfilter-0.0.10.tgz",
      "integrity": "sha1-xtJnJjKi5cg+AT5oZKQs6N79IK4="
    },
    "debug": {
      "version": "2.6.9",
      "resolved": "https://artifacthub-tip.oraclecorp.com/api/npm/npmjs-remote/debug/-/debug-2.6.9.tgz",
      "integrity": "sha1-XRKFFd8TT/Mn6QpMk/Tgd6U2NB8=",
      "requires": {
        "ms": "2.0.0"
      }
    },
    "depd": {
      "version": "1.1.2",
      "resolved": "https://artifacthub-tip.oraclecorp.com/api/npm/npmjs-remote/depd/-/depd-1.1.2.tgz",
      "integrity": "sha1-m81S4UwJd2PnSbJ0xDRu0uVgtak="
    },
    "destroy": {
      "version": "1.0.4",
      "resolved": "https://artifacthub-tip.oraclecorp.com/api/npm/npmjs-remote/destroy/-/destroy-1.0.4.tgz",
      "integrity": "sha1-l4hXRCxEdJ5CBmE+N5RiBYJqvYA="
    },
    "dotenv": {
      "version": "8.6.0",
      "resolved": "https://artifacthub-tip.oraclecorp.com/api/npm/npmjs-remote/dotenv/-/dotenv-8.6.0.tgz",
      "integrity": "sha1-Bhr2ZNGff02PxuT/m1hM4jety4s="
    },
    "dtrace-provider": {
      "version": "0.8.8",
      "resolved": "https://artifacthub-tip.oraclecorp.com/api/npm/npmjs-remote/dtrace-provider/-/dtrace-provider-0.8.8.tgz",
      "integrity": "sha1-KZbVSQw34TR74mO0I+17KX+w2X4=",
      "optional": true,
      "requires": {
        "nan": "^2.14.0"
      }
    },
    "ee-first": {
      "version": "1.1.1",
      "resolved": "https://artifacthub-tip.oraclecorp.com/api/npm/npmjs-remote/ee-first/-/ee-first-1.1.1.tgz",
      "integrity": "sha1-WQxhFWsK4vTwJVcyoViyZrxWsh0="
    },
    "encodeurl": {
      "version": "1.0.2",
      "resolved": "https://artifacthub-tip.oraclecorp.com/api/npm/npmjs-remote/encodeurl/-/encodeurl-1.0.2.tgz",
      "integrity": "sha1-rT/0yG7C0CkyL1oCw6mmBslbP1k="
    },
    "escape-html": {
      "version": "1.0.3",
      "resolved": "https://artifacthub-tip.oraclecorp.com/api/npm/npmjs-remote/escape-html/-/escape-html-1.0.3.tgz",
      "integrity": "sha1-Aljq5NPQwJdN4cFpGI7wBR0dGYg="
    },
    "etag": {
      "version": "1.8.1",
      "resolved": "https://artifacthub-tip.oraclecorp.com/api/npm/npmjs-remote/etag/-/etag-1.8.1.tgz",
      "integrity": "sha1-Qa4u62XvpiJorr/qg6x9eSmbCIc="
    },
    "express": {
      "version": "4.17.1",
      "resolved": "https://artifacthub-tip.oraclecorp.com/api/npm/npmjs-remote/express/-/express-4.17.1.tgz",
      "integrity": "sha1-RJH8OGBc9R+GKdOcK10Cb5ikwTQ=",
      "requires": {
        "accepts": "~1.3.7",
        "array-flatten": "1.1.1",
        "body-parser": "1.19.0",
        "content-disposition": "0.5.3",
        "content-type": "~1.0.4",
        "cookie": "0.4.0",
        "cookie-signature": "1.0.6",
        "debug": "2.6.9",
        "depd": "~1.1.2",
        "encodeurl": "~1.0.2",
        "escape-html": "~1.0.3",
        "etag": "~1.8.1",
        "finalhandler": "~1.1.2",
        "fresh": "0.5.2",
        "merge-descriptors": "1.0.1",
        "methods": "~1.1.2",
        "on-finished": "~2.3.0",
        "parseurl": "~1.3.3",
        "path-to-regexp": "0.1.7",
        "proxy-addr": "~2.0.5",
        "qs": "6.7.0",
        "range-parser": "~1.2.1",
        "safe-buffer": "5.1.2",
        "send": "0.17.1",
        "serve-static": "1.14.1",
        "setprototypeof": "1.1.1",
        "statuses": "~1.5.0",
        "type-is": "~1.6.18",
        "utils-merge": "1.0.1",
        "vary": "~1.1.2"
      },
      "dependencies": {
        "safe-buffer": {
          "version": "5.1.2",
          "resolved": "https://artifacthub-tip.oraclecorp.com/api/npm/npmjs-remote/safe-buffer/-/safe-buffer-5.1.2.tgz",
          "integrity": "sha1-mR7GnSluAxN0fVm9/St0XDX4go0="
        }
      }
    },
    "fast-json-stable-stringify": {
      "version": "2.1.0",
      "resolved": "https://artifacthub-tip.oraclecorp.com/api/npm/npmjs-remote/fast-json-stable-stringify/-/fast-json-stable-stringify-2.1.0.tgz",
      "integrity": "sha1-h0v2nG9ATCtdmcSBNBOZ/VWJJjM="
    },
    "file-uri-to-path": {
      "version": "1.0.0",
      "resolved": "https://artifacthub-tip.oraclecorp.com/api/npm/npmjs-remote/file-uri-to-path/-/file-uri-to-path-1.0.0.tgz",
      "integrity": "sha1-VTp7hEb/b2hDWcRF8eN6BdrMM90="
    },
    "finalhandler": {
      "version": "1.1.2",
      "resolved": "https://artifacthub-tip.oraclecorp.com/api/npm/npmjs-remote/finalhandler/-/finalhandler-1.1.2.tgz",
      "integrity": "sha1-t+fQAP/RGTjQ/bBTUG9uur6fWH0=",
      "requires": {
        "debug": "2.6.9",
        "encodeurl": "~1.0.2",
        "escape-html": "~1.0.3",
        "on-finished": "~2.3.0",
        "parseurl": "~1.3.3",
        "statuses": "~1.5.0",
        "unpipe": "~1.0.0"
      }
    },
    "forwarded": {
      "version": "0.2.0",
      "resolved": "https://artifacthub-tip.oraclecorp.com/api/npm/npmjs-remote/forwarded/-/forwarded-0.2.0.tgz",
      "integrity": "sha1-ImmTZCiq1MFcfr6XeahL8LKoGBE="
    },
    "fresh": {
      "version": "0.5.2",
      "resolved": "https://artifacthub-tip.oraclecorp.com/api/npm/npmjs-remote/fresh/-/fresh-0.5.2.tgz",
      "integrity": "sha1-PYyt2Q2XZWn6g1qx+OSyOhBWBac="
    },
    "glob": {
      "version": "6.0.4",
      "resolved": "https://artifacthub-tip.oraclecorp.com/api/npm/npmjs-remote/glob/-/glob-6.0.4.tgz",
      "integrity": "sha1-DwiGD2oVUSey+t1PnOJLGqtuTSI=",
      "optional": true,
      "requires": {
        "inflight": "^1.0.4",
        "inherits": "2",
        "minimatch": "2 || 3",
        "once": "^1.3.0",
        "path-is-absolute": "^1.0.0"
      }
    },
    "graphql": {
      "version": "15.7.2",
      "resolved": "https://artifacthub-tip.oraclecorp.com/api/npm/npmjs-remote/graphql/-/graphql-15.7.2.tgz",
      "integrity": "sha1-hasO64NyKXcVGz/rTWMbXyqyh+8="
    },
    "graphql-kafka-subscriptions": {
      "version": "0.4.0",
      "resolved": "https://artifacthub-tip.oraclecorp.com/api/npm/npmjs-remote/graphql-kafka-subscriptions/-/graphql-kafka-subscriptions-0.4.0.tgz",
      "integrity": "sha1-GdPks7SsaO5d2c7FL6s8yb23AH8=",
      "requires": {
        "@types/bunyan": "^1.8.6",
        "@types/node": "^13.13.2",
        "bunyan": "1.8.12",
        "dotenv": "^8.2.0",
        "graphql": "^14.0.0",
        "graphql-subscriptions": "^1.1.0",
        "iterall": "^1.2.2",
        "node-rdkafka": "^2.8.1",
        "uuid": "^7.0.3"
      },
      "dependencies": {
        "@types/node": {
          "version": "13.13.52",
          "resolved": "https://artifacthub-tip.oraclecorp.com/api/npm/npmjs-remote/@types/node/-/node-13.13.52.tgz",
          "integrity": "sha1-A8E75wuQMbqu15SBwMDPsAReU/c="
        },
        "graphql": {
          "version": "14.7.0",
          "resolved": "https://artifacthub-tip.oraclecorp.com/api/npm/npmjs-remote/graphql/-/graphql-14.7.0.tgz",
          "integrity": "sha1-f6eagKab5KMcJ92oJNwE2sIDWnI=",
          "requires": {
            "iterall": "^1.2.2"
          }
        },
        "uuid": {
          "version": "7.0.3",
          "resolved": "https://artifacthub-tip.oraclecorp.com/api/npm/npmjs-remote/uuid/-/uuid-7.0.3.tgz",
          "integrity": "sha1-xcnyyM8l3Ao3LE3xRBxB9b0MaAs="
        }
      }
    },
    "graphql-subscriptions": {
      "version": "1.2.1",
      "resolved": "https://artifacthub-tip.oraclecorp.com/api/npm/npmjs-remote/graphql-subscriptions/-/graphql-subscriptions-1.2.1.tgz",
      "integrity": "sha1-IUKy1ylmHd+We3OI988d1M8uBh0=",
      "requires": {
        "iterall": "^1.3.0"
      }
    },
    "graphql-tag": {
      "version": "2.12.6",
      "resolved": "https://artifacthub-tip.oraclecorp.com/api/npm/npmjs-remote/graphql-tag/-/graphql-tag-2.12.6.tgz",
      "integrity": "sha1-1EGlacHSU37xDKPRYztIclMptfE=",
      "requires": {
        "tslib": "^2.1.0"
      }
    },
    "graphql-ws": {
      "version": "5.3.0",
      "resolved": "https://artifacthub-tip.oraclecorp.com/api/npm/npmjs-remote/graphql-ws/-/graphql-ws-5.3.0.tgz",
      "integrity": "sha1-NF9zaGtjlzXx9O8LnqKOF8f2p0U="
    },
    "http-errors": {
      "version": "1.7.2",
      "resolved": "https://artifacthub-tip.oraclecorp.com/api/npm/npmjs-remote/http-errors/-/http-errors-1.7.2.tgz",
      "integrity": "sha1-T1ApzxMjnzEDblsuVSkrz7zIXI8=",
      "requires": {
        "depd": "~1.1.2",
        "inherits": "2.0.3",
        "setprototypeof": "1.1.1",
        "statuses": ">= 1.5.0 < 2",
        "toidentifier": "1.0.0"
      },
      "dependencies": {
        "inherits": {
          "version": "2.0.3",
          "resolved": "https://artifacthub-tip.oraclecorp.com/api/npm/npmjs-remote/inherits/-/inherits-2.0.3.tgz",
          "integrity": "sha1-Yzwsg+PaQqUC9SRmAiSA9CCCYd4="
        }
      }
    },
    "iconv-lite": {
      "version": "0.4.24",
      "resolved": "https://artifacthub-tip.oraclecorp.com/api/npm/npmjs-remote/iconv-lite/-/iconv-lite-0.4.24.tgz",
      "integrity": "sha1-ICK0sl+93CHS9SSXSkdKr+czkIs=",
      "requires": {
        "safer-buffer": ">= 2.1.2 < 3"
      }
    },
    "inflight": {
      "version": "1.0.6",
      "resolved": "https://artifacthub-tip.oraclecorp.com/api/npm/npmjs-remote/inflight/-/inflight-1.0.6.tgz",
      "integrity": "sha1-Sb1jMdfQLQwJvJEKEHW6gWW1bfk=",
      "optional": true,
      "requires": {
        "once": "^1.3.0",
        "wrappy": "1"
      }
    },
    "inherits": {
      "version": "2.0.4",
      "resolved": "https://artifacthub-tip.oraclecorp.com/api/npm/npmjs-remote/inherits/-/inherits-2.0.4.tgz",
      "integrity": "sha1-D6LGT5MpF8NDOg3tVTY6rjdBa3w="
    },
    "ipaddr.js": {
      "version": "1.9.1",
      "resolved": "https://artifacthub-tip.oraclecorp.com/api/npm/npmjs-remote/ipaddr.js/-/ipaddr.js-1.9.1.tgz",
      "integrity": "sha1-v/OFQ+64mEglB5/zoqjmy9RngbM="
    },
    "iterall": {
      "version": "1.3.0",
      "resolved": "https://artifacthub-tip.oraclecorp.com/api/npm/npmjs-remote/iterall/-/iterall-1.3.0.tgz",
      "integrity": "sha1-r8sISS4pFcvYoIhOuTqMlNDXL+o="
    },
    "lodash.sortby": {
      "version": "4.7.0",
      "resolved": "https://artifacthub-tip.oraclecorp.com/api/npm/npmjs-remote/lodash.sortby/-/lodash.sortby-4.7.0.tgz",
      "integrity": "sha1-7dFMgk4sycHgsKG0K7UhBRakJDg="
    },
    "loglevel": {
      "version": "1.7.1",
      "resolved": "https://artifacthub-tip.oraclecorp.com/api/npm/npmjs-remote/loglevel/-/loglevel-1.7.1.tgz",
      "integrity": "sha1-AF/eL15uRwaPk1/yhXPhJe9y8Zc="
    },
    "long": {
      "version": "4.0.0",
      "resolved": "https://artifacthub-tip.oraclecorp.com/api/npm/npmjs-remote/long/-/long-4.0.0.tgz",
      "integrity": "sha1-mntxz7fTYaGU6lVSQckvdGjVvyg="
    },
    "lru-cache": {
      "version": "6.0.0",
      "resolved": "https://artifacthub-tip.oraclecorp.com/api/npm/npmjs-remote/lru-cache/-/lru-cache-6.0.0.tgz",
      "integrity": "sha1-bW/mVw69lqr5D8rR2vo7JWbbOpQ=",
      "requires": {
        "yallist": "^4.0.0"
      }
    },
    "media-typer": {
      "version": "0.3.0",
      "resolved": "https://artifacthub-tip.oraclecorp.com/api/npm/npmjs-remote/media-typer/-/media-typer-0.3.0.tgz",
      "integrity": "sha1-hxDXrwqmJvj/+hzgAWhUUmMlV0g="
    },
    "merge-descriptors": {
      "version": "1.0.1",
      "resolved": "https://artifacthub-tip.oraclecorp.com/api/npm/npmjs-remote/merge-descriptors/-/merge-descriptors-1.0.1.tgz",
      "integrity": "sha1-sAqqVW3YtEVoFQ7J0blT8/kMu2E="
    },
    "methods": {
      "version": "1.1.2",
      "resolved": "https://artifacthub-tip.oraclecorp.com/api/npm/npmjs-remote/methods/-/methods-1.1.2.tgz",
      "integrity": "sha1-VSmk1nZUE07cxSZmVoNbD4Ua/O4="
    },
    "mime": {
      "version": "1.6.0",
      "resolved": "https://artifacthub-tip.oraclecorp.com/api/npm/npmjs-remote/mime/-/mime-1.6.0.tgz",
      "integrity": "sha1-Ms2eXGRVO9WNGaVor0Uqz/BJgbE="
    },
    "mime-db": {
      "version": "1.51.0",
      "resolved": "https://artifacthub-tip.oraclecorp.com/api/npm/npmjs-remote/mime-db/-/mime-db-1.51.0.tgz",
      "integrity": "sha1-2f9iRRhZsYNC2WCFDcPPt35j+ww="
    },
    "mime-types": {
      "version": "2.1.34",
      "resolved": "https://artifacthub-tip.oraclecorp.com/api/npm/npmjs-remote/mime-types/-/mime-types-2.1.34.tgz",
      "integrity": "sha1-WnEvnsFQNRGpRYA2QPr+CdN5PCQ=",
      "requires": {
        "mime-db": "1.51.0"
      }
    },
    "minimatch": {
      "version": "3.0.4",
      "resolved": "https://artifacthub-tip.oraclecorp.com/api/npm/npmjs-remote/minimatch/-/minimatch-3.0.4.tgz",
      "integrity": "sha1-UWbihkV/AzBgZL5Ul+jbsMPTIIM=",
      "optional": true,
      "requires": {
        "brace-expansion": "^1.1.7"
      }
    },
    "minimist": {
      "version": "1.2.5",
      "resolved": "https://artifacthub-tip.oraclecorp.com/api/npm/npmjs-remote/minimist/-/minimist-1.2.5.tgz",
      "integrity": "sha1-Z9ZgFLZqaoqqDAg8X9WN9OTpdgI=",
      "optional": true
    },
    "mkdirp": {
      "version": "0.5.5",
      "resolved": "https://artifacthub-tip.oraclecorp.com/api/npm/npmjs-remote/mkdirp/-/mkdirp-0.5.5.tgz",
      "integrity": "sha1-2Rzv1i0UNsoPQWIOJRKI1CAJne8=",
      "optional": true,
      "requires": {
        "minimist": "^1.2.5"
      }
    },
    "moment": {
      "version": "2.29.1",
      "resolved": "https://artifacthub-tip.oraclecorp.com/api/npm/npmjs-remote/moment/-/moment-2.29.1.tgz",
      "integrity": "sha1-sr52n6MZQL6e7qZGnAdeNQBvo9M=",
      "optional": true
    },
    "ms": {
      "version": "2.0.0",
      "resolved": "https://artifacthub-tip.oraclecorp.com/api/npm/npmjs-remote/ms/-/ms-2.0.0.tgz",
      "integrity": "sha1-VgiurfwAvmwpAd9fmGF4jeDVl8g="
    },
    "mv": {
      "version": "2.1.1",
      "resolved": "https://artifacthub-tip.oraclecorp.com/api/npm/npmjs-remote/mv/-/mv-2.1.1.tgz",
      "integrity": "sha1-rmzg1vbV4KT32JN5jQPB6pVZtqI=",
      "optional": true,
      "requires": {
        "mkdirp": "~0.5.1",
        "ncp": "~2.0.0",
        "rimraf": "~2.4.0"
      }
    },
    "nan": {
      "version": "2.15.0",
      "resolved": "https://artifacthub-tip.oraclecorp.com/api/npm/npmjs-remote/nan/-/nan-2.15.0.tgz",
      "integrity": "sha1-PzSkc/8Y4VwbVia2KQO1rW5mX+4="
    },
    "ncp": {
      "version": "2.0.0",
      "resolved": "https://artifacthub-tip.oraclecorp.com/api/npm/npmjs-remote/ncp/-/ncp-2.0.0.tgz",
      "integrity": "sha1-GVoh1sRuNh0vsSgbo4uR6d9727M=",
      "optional": true
    },
    "negotiator": {
      "version": "0.6.2",
      "resolved": "https://artifacthub-tip.oraclecorp.com/api/npm/npmjs-remote/negotiator/-/negotiator-0.6.2.tgz",
      "integrity": "sha1-/qz3zPUlp3rpY0Q2pkiD/+yjRvs="
    },
    "node-fetch": {
      "version": "2.6.6",
      "resolved": "https://artifacthub-tip.oraclecorp.com/api/npm/npmjs-remote/node-fetch/-/node-fetch-2.6.6.tgz",
      "integrity": "sha1-F1GnwBg06OFpd1hzLp77burfr4k=",
      "requires": {
        "whatwg-url": "^5.0.0"
      }
    },
    "node-rdkafka": {
      "version": "2.11.0",
      "resolved": "https://artifacthub-tip.oraclecorp.com/api/npm/npmjs-remote/node-rdkafka/-/node-rdkafka-2.11.0.tgz",
      "integrity": "sha1-+hcq/FSlkeshdb4jiFCeORsp6dY=",
      "requires": {
        "bindings": "^1.3.1",
        "nan": "^2.14.0"
      }
    },
    "object-assign": {
      "version": "4.1.1",
      "resolved": "https://artifacthub-tip.oraclecorp.com/api/npm/npmjs-remote/object-assign/-/object-assign-4.1.1.tgz",
      "integrity": "sha1-IQmtx5ZYh8/AXLvUQsrIv7s2CGM="
    },
    "on-finished": {
      "version": "2.3.0",
      "resolved": "https://artifacthub-tip.oraclecorp.com/api/npm/npmjs-remote/on-finished/-/on-finished-2.3.0.tgz",
      "integrity": "sha1-IPEzZIGwg811M3mSoWlxqi2QaUc=",
      "requires": {
        "ee-first": "1.1.1"
      }
    },
    "once": {
      "version": "1.4.0",
      "resolved": "https://artifacthub-tip.oraclecorp.com/api/npm/npmjs-remote/once/-/once-1.4.0.tgz",
      "integrity": "sha1-WDsap3WWHUsROsF9nFC6753Xa9E=",
      "optional": true,
      "requires": {
        "wrappy": "1"
      }
    },
    "parseurl": {
      "version": "1.3.3",
      "resolved": "https://artifacthub-tip.oraclecorp.com/api/npm/npmjs-remote/parseurl/-/parseurl-1.3.3.tgz",
      "integrity": "sha1-naGee+6NEt/wUT7Vt2lXeTvC6NQ="
    },
    "path-is-absolute": {
      "version": "1.0.1",
      "resolved": "https://artifacthub-tip.oraclecorp.com/api/npm/npmjs-remote/path-is-absolute/-/path-is-absolute-1.0.1.tgz",
      "integrity": "sha1-F0uSaHNVNP+8es5r9TpanhtcX18=",
      "optional": true
    },
    "path-to-regexp": {
      "version": "0.1.7",
      "resolved": "https://artifacthub-tip.oraclecorp.com/api/npm/npmjs-remote/path-to-regexp/-/path-to-regexp-0.1.7.tgz",
      "integrity": "sha1-32BBeABfUi8V60SQ5yR6G/qmf4w="
    },
    "proxy-addr": {
      "version": "2.0.7",
      "resolved": "https://artifacthub-tip.oraclecorp.com/api/npm/npmjs-remote/proxy-addr/-/proxy-addr-2.0.7.tgz",
      "integrity": "sha1-8Z/mnOqzEe65S0LnDowgcPm6ECU=",
      "requires": {
        "forwarded": "0.2.0",
        "ipaddr.js": "1.9.1"
      }
    },
    "qs": {
      "version": "6.7.0",
      "resolved": "https://artifacthub-tip.oraclecorp.com/api/npm/npmjs-remote/qs/-/qs-6.7.0.tgz",
      "integrity": "sha1-QdwaAV49WB8WIXdr4xr7KHapsbw="
    },
    "range-parser": {
      "version": "1.2.1",
      "resolved": "https://artifacthub-tip.oraclecorp.com/api/npm/npmjs-remote/range-parser/-/range-parser-1.2.1.tgz",
      "integrity": "sha1-PPNwI9GZ4cJNGlW4SADC8+ZGgDE="
    },
    "raw-body": {
      "version": "2.4.0",
      "resolved": "https://artifacthub-tip.oraclecorp.com/api/npm/npmjs-remote/raw-body/-/raw-body-2.4.0.tgz",
      "integrity": "sha1-oc5vucm8NWylLoklarWQWeE9AzI=",
      "requires": {
        "bytes": "3.1.0",
        "http-errors": "1.7.2",
        "iconv-lite": "0.4.24",
        "unpipe": "1.0.0"
      }
    },
    "retry": {
      "version": "0.13.1",
      "resolved": "https://artifacthub-tip.oraclecorp.com/api/npm/npmjs-remote/retry/-/retry-0.13.1.tgz",
      "integrity": "sha1-GFsVh6z2eRnWOzVzSeA1N7JIRlg="
    },
    "rimraf": {
      "version": "2.4.5",
      "resolved": "https://artifacthub-tip.oraclecorp.com/api/npm/npmjs-remote/rimraf/-/rimraf-2.4.5.tgz",
      "integrity": "sha1-7nEM5dk6j9uFb7Xqj/Di11k0sto=",
      "optional": true,
      "requires": {
        "glob": "^6.0.1"
      }
    },
    "safe-buffer": {
      "version": "5.2.1",
      "resolved": "https://artifacthub-tip.oraclecorp.com/api/npm/npmjs-remote/safe-buffer/-/safe-buffer-5.2.1.tgz",
      "integrity": "sha1-Hq+fqb2x/dTsdfWPnNtOa3gn7sY="
    },
    "safe-json-stringify": {
      "version": "1.2.0",
      "resolved": "https://artifacthub-tip.oraclecorp.com/api/npm/npmjs-remote/safe-json-stringify/-/safe-json-stringify-1.2.0.tgz",
      "integrity": "sha1-NW5EvJjx+TzkXfFLzXwBzahuCv0=",
      "optional": true
    },
    "safer-buffer": {
      "version": "2.1.2",
      "resolved": "https://artifacthub-tip.oraclecorp.com/api/npm/npmjs-remote/safer-buffer/-/safer-buffer-2.1.2.tgz",
      "integrity": "sha1-RPoWGwGHuVSd2Eu5GAL5vYOFzWo="
    },
    "send": {
      "version": "0.17.1",
      "resolved": "https://artifacthub-tip.oraclecorp.com/api/npm/npmjs-remote/send/-/send-0.17.1.tgz",
      "integrity": "sha1-wdiwWfeQD3Rm3Uk4vcROEd2zdsg=",
      "requires": {
        "debug": "2.6.9",
        "depd": "~1.1.2",
        "destroy": "~1.0.4",
        "encodeurl": "~1.0.2",
        "escape-html": "~1.0.3",
        "etag": "~1.8.1",
        "fresh": "0.5.2",
        "http-errors": "~1.7.2",
        "mime": "1.6.0",
        "ms": "2.1.1",
        "on-finished": "~2.3.0",
        "range-parser": "~1.2.1",
        "statuses": "~1.5.0"
      },
      "dependencies": {
        "ms": {
          "version": "2.1.1",
          "resolved": "https://artifacthub-tip.oraclecorp.com/api/npm/npmjs-remote/ms/-/ms-2.1.1.tgz",
          "integrity": "sha1-MKWGTrPrsKZvLr5tcnrwagnYbgo="
        }
      }
    },
    "serve-static": {
      "version": "1.14.1",
      "resolved": "https://artifacthub-tip.oraclecorp.com/api/npm/npmjs-remote/serve-static/-/serve-static-1.14.1.tgz",
      "integrity": "sha1-Zm5jbcTwEPfvKZcKiKZ0MgiYsvk=",
      "requires": {
        "encodeurl": "~1.0.2",
        "escape-html": "~1.0.3",
        "parseurl": "~1.3.3",
        "send": "0.17.1"
      }
    },
    "setprototypeof": {
      "version": "1.1.1",
      "resolved": "https://artifacthub-tip.oraclecorp.com/api/npm/npmjs-remote/setprototypeof/-/setprototypeof-1.1.1.tgz",
      "integrity": "sha1-fpWsskqpL1iF4KvvW6ExMw1K5oM="
    },
    "sha.js": {
      "version": "2.4.11",
      "resolved": "https://artifacthub-tip.oraclecorp.com/api/npm/npmjs-remote/sha.js/-/sha.js-2.4.11.tgz",
      "integrity": "sha1-N6XPC4HsvGlD3hCbopYNGyZYSuc=",
      "requires": {
        "inherits": "^2.0.1",
        "safe-buffer": "^5.0.1"
      }
    },
    "statuses": {
      "version": "1.5.0",
      "resolved": "https://artifacthub-tip.oraclecorp.com/api/npm/npmjs-remote/statuses/-/statuses-1.5.0.tgz",
      "integrity": "sha1-Fhx9rBd2Wf2YEfQ3cfqZOBR4Yow="
    },
    "toidentifier": {
      "version": "1.0.0",
      "resolved": "https://artifacthub-tip.oraclecorp.com/api/npm/npmjs-remote/toidentifier/-/toidentifier-1.0.0.tgz",
      "integrity": "sha1-fhvjRw8ed5SLxD2Uo8j013UrpVM="
    },
    "tr46": {
      "version": "0.0.3",
      "resolved": "https://artifacthub-tip.oraclecorp.com/api/npm/npmjs-remote/tr46/-/tr46-0.0.3.tgz",
      "integrity": "sha1-gYT9NH2snNwYWZLzpmIuFLnZq2o="
    },
    "tslib": {
      "version": "2.3.1",
      "resolved": "https://artifacthub-tip.oraclecorp.com/api/npm/npmjs-remote/tslib/-/tslib-2.3.1.tgz",
      "integrity": "sha1-6KM1rdXOrlGqJh0ypJAVjvBC7wE="
    },
    "type-is": {
      "version": "1.6.18",
      "resolved": "https://artifacthub-tip.oraclecorp.com/api/npm/npmjs-remote/type-is/-/type-is-1.6.18.tgz",
      "integrity": "sha1-TlUs0F3wlGfcvE73Od6J8s83wTE=",
      "requires": {
        "media-typer": "0.3.0",
        "mime-types": "~2.1.24"
      }
    },
    "typescript": {
      "version": "4.4.4",
      "resolved": "https://artifacthub-tip.oraclecorp.com/api/npm/npmjs-remote/typescript/-/typescript-4.4.4.tgz",
      "integrity": "sha1-LNAaGh8WBwTTEB/VpY/w+fy4Aww=",
      "dev": true
    },
    "unpipe": {
      "version": "1.0.0",
      "resolved": "https://artifacthub-tip.oraclecorp.com/api/npm/npmjs-remote/unpipe/-/unpipe-1.0.0.tgz",
      "integrity": "sha1-sr9O6FFKrmFltIF4KdIbLvSZBOw="
    },
    "utils-merge": {
      "version": "1.0.1",
      "resolved": "https://artifacthub-tip.oraclecorp.com/api/npm/npmjs-remote/utils-merge/-/utils-merge-1.0.1.tgz",
      "integrity": "sha1-n5VxD1CiZ5R7LMwSR0HBAoQn5xM="
    },
    "uuid": {
      "version": "8.3.2",
      "resolved": "https://artifacthub-tip.oraclecorp.com/api/npm/npmjs-remote/uuid/-/uuid-8.3.2.tgz",
      "integrity": "sha1-gNW1ztJxu5r2xEXyGhoExgbO++I="
    },
    "value-or-promise": {
      "version": "1.0.11",
      "resolved": "https://artifacthub-tip.oraclecorp.com/api/npm/npmjs-remote/value-or-promise/-/value-or-promise-1.0.11.tgz",
      "integrity": "sha1-PpApmvMd0BT+hD/jCc76fB2UsUA="
    },
    "vary": {
      "version": "1.1.2",
      "resolved": "https://artifacthub-tip.oraclecorp.com/api/npm/npmjs-remote/vary/-/vary-1.1.2.tgz",
      "integrity": "sha1-IpnwLG3tMNSllhsLn3RSShj2NPw="
    },
    "webidl-conversions": {
      "version": "3.0.1",
      "resolved": "https://artifacthub-tip.oraclecorp.com/api/npm/npmjs-remote/webidl-conversions/-/webidl-conversions-3.0.1.tgz",
      "integrity": "sha1-JFNCdeKnvGvnvIZhHMFq4KVlSHE="
    },
    "whatwg-url": {
      "version": "5.0.0",
      "resolved": "https://artifacthub-tip.oraclecorp.com/api/npm/npmjs-remote/whatwg-url/-/whatwg-url-5.0.0.tgz",
      "integrity": "sha1-lmRU6HZUYuN2RNNib2dCzotwll0=",
      "requires": {
        "tr46": "~0.0.3",
        "webidl-conversions": "^3.0.0"
      }
    },
    "wrappy": {
      "version": "1.0.2",
      "resolved": "https://artifacthub-tip.oraclecorp.com/api/npm/npmjs-remote/wrappy/-/wrappy-1.0.2.tgz",
      "integrity": "sha1-tSQ9jz7BqjXxNkYFvA0QNuMKtp8=",
      "optional": true
    },
    "ws": {
      "version": "7.5.0",
      "resolved": "https://artifacthub-tip.oraclecorp.com/api/npm/npmjs-remote/ws/-/ws-7.5.0.tgz",
      "integrity": "sha1-ADO6/qAx+53wQbICb8cqVxykRpE="
    },
    "xss": {
      "version": "1.0.10",
      "resolved": "https://artifacthub-tip.oraclecorp.com/api/npm/npmjs-remote/xss/-/xss-1.0.10.tgz",
      "integrity": "sha1-XNY6mxR6dVoUywRVx9uIZhIOtNI=",
      "requires": {
        "commander": "^2.20.3",
        "cssfilter": "0.0.10"
      }
    },
    "yallist": {
      "version": "4.0.0",
      "resolved": "https://artifacthub-tip.oraclecorp.com/api/npm/npmjs-remote/yallist/-/yallist-4.0.0.tgz",
      "integrity": "sha1-m7knkNnA7/7GO+c1GeEaNQGaOnI="
    }
  }
}
